
Microsoft Visual Studio Solution File, Format Version 12.00
# Visual Studio 2012
Project("{FAE04EC0-301F-11D3-BF4B-00C04F79EFBC}") = "Puzzle", "Puzzle\Puzzle.csproj", "{80F14EBD-F3ED-478C-9C18-9CE027FB06B5}"
EndProject
Global
	GlobalSection(SolutionConfigurationPlatforms) = preSolution
		Debug|Any CPU = Debug|Any CPU
		Release|Any CPU = Release|Any CPU
	EndGlobalSection
	GlobalSection(ProjectConfigurationPlatforms) = postSolution
		{80F14EBD-F3ED-478C-9C18-9CE027FB06B5}.Debug|Any CPU.ActiveCfg = Debug|Any CPU
		{80F14EBD-F3ED-478C-9C18-9CE027FB06B5}.Debug|Any CPU.Build.0 = Debug|Any CPU
		{80F14EBD-F3ED-478C-9C18-9CE027FB06B5}.Release|Any CPU.ActiveCfg = Release|Any CPU
		{80F14EBD-F3ED-478C-9C18-9CE027FB06B5}.Release|Any CPU.Build.0 = Release|Any CPU
	EndGlobalSection
	GlobalSection(SolutionProperties) = preSolution
		HideSolutionNode = FALSE
	EndGlobalSection
EndGlobal
